// !$*UTF8*$!
{
	archiveVersion = 1;
	classes = {
	};
	objectVersion = 46;
	objects = {

/* Begin PBXBuildFile section */
		9694364C16762DD100F1E1A9 /* RCTableView.m in Sources */ = {isa = PBXBuildFile; fileRef = 9694364B16762DD100F1E1A9 /* RCTableView.m */; };
		96943655167631E000F1E1A9 /* bg.png in Resources */ = {isa = PBXBuildFile; fileRef = 96943652167631E000F1E1A9 /* bg.png */; };
		96943656167631E000F1E1A9 /* default_avatar.png in Resources */ = {isa = PBXBuildFile; fileRef = 96943653167631E000F1E1A9 /* default_avatar.png */; };
		96943657167631E000F1E1A9 /* default_avatar@2x.png in Resources */ = {isa = PBXBuildFile; fileRef = 96943654167631E000F1E1A9 /* default_avatar@2x.png */; };
		9694365A1676326B00F1E1A9 /* RCViewController.m in Sources */ = {isa = PBXBuildFile; fileRef = 969436591676326B00F1E1A9 /* RCViewController.m */; };
		96943661167637D400F1E1A9 /* RCTopicViewController.m in Sources */ = {isa = PBXBuildFile; fileRef = 96943660167637D400F1E1A9 /* RCTopicViewController.m */; };
		9694366816763E8800F1E1A9 /* RCNavigationBar.m in Sources */ = {isa = PBXBuildFile; fileRef = 9694366716763E8800F1E1A9 /* RCNavigationBar.m */; };
		9694366B16763F8400F1E1A9 /* navbar_bg.png in Resources */ = {isa = PBXBuildFile; fileRef = 9694366916763F8400F1E1A9 /* navbar_bg.png */; };
		9694366C16763F8400F1E1A9 /* navbar_bg@2x.png in Resources */ = {isa = PBXBuildFile; fileRef = 9694366A16763F8400F1E1A9 /* navbar_bg@2x.png */; };
		969436A7167649B300F1E1A9 /* reload_icon.png in Resources */ = {isa = PBXBuildFile; fileRef = 969436A5167649B300F1E1A9 /* reload_icon.png */; };
		969436A8167649B300F1E1A9 /* reload_icon@2x.png in Resources */ = {isa = PBXBuildFile; fileRef = 969436A6167649B300F1E1A9 /* reload_icon@2x.png */; };
		96A4D08B16770B8B000EAFAB /* tableview_cell_bg.png in Resources */ = {isa = PBXBuildFile; fileRef = 96A4D08916770B8B000EAFAB /* tableview_cell_bg.png */; };
		96A4D08C16770B8B000EAFAB /* tableview_cell_bg@2x.png in Resources */ = {isa = PBXBuildFile; fileRef = 96A4D08A16770B8B000EAFAB /* tableview_cell_bg@2x.png */; };
		96A4D0A216771202000EAFAB /* tableview_cell_border_bottom.png in Resources */ = {isa = PBXBuildFile; fileRef = 96A4D09E16771202000EAFAB /* tableview_cell_border_bottom.png */; };
		96A4D0A316771202000EAFAB /* tableview_cell_border_bottom@2x.png in Resources */ = {isa = PBXBuildFile; fileRef = 96A4D09F16771202000EAFAB /* tableview_cell_border_bottom@2x.png */; };
		96A4D0A416771202000EAFAB /* tableview_cell_border_top.png in Resources */ = {isa = PBXBuildFile; fileRef = 96A4D0A016771202000EAFAB /* tableview_cell_border_top.png */; };
		96A4D0A516771202000EAFAB /* tableview_cell_border_top@2x.png in Resources */ = {isa = PBXBuildFile; fileRef = 96A4D0A116771202000EAFAB /* tableview_cell_border_top@2x.png */; };
		96A4D0C31677268A000EAFAB /* nav_menu_icon.png in Resources */ = {isa = PBXBuildFile; fileRef = 96A4D0BF1677268A000EAFAB /* nav_menu_icon.png */; };
		96A4D0C41677268A000EAFAB /* nav_menu_icon@2x.png in Resources */ = {isa = PBXBuildFile; fileRef = 96A4D0C01677268A000EAFAB /* nav_menu_icon@2x.png */; };
		96A4D0C51677268A000EAFAB /* nav_setting_icon.png in Resources */ = {isa = PBXBuildFile; fileRef = 96A4D0C11677268A000EAFAB /* nav_setting_icon.png */; };
		96A4D0C61677268A000EAFAB /* nav_setting_icon@2x.png in Resources */ = {isa = PBXBuildFile; fileRef = 96A4D0C21677268A000EAFAB /* nav_setting_icon@2x.png */; };
		96A4D0C91677282A000EAFAB /* RCNavLeftRightButtonItem.m in Sources */ = {isa = PBXBuildFile; fileRef = 96A4D0C81677282A000EAFAB /* RCNavLeftRightButtonItem.m */; };
		96A4D0CC16772C7C000EAFAB /* nav_back_icon.png in Resources */ = {isa = PBXBuildFile; fileRef = 96A4D0CA16772C7C000EAFAB /* nav_back_icon.png */; };
		96A4D0CD16772C7C000EAFAB /* nav_back_icon@2x.png in Resources */ = {isa = PBXBuildFile; fileRef = 96A4D0CB16772C7C000EAFAB /* nav_back_icon@2x.png */; };
		96A7992B167762B900F8A19E /* topic_detail.html in Resources */ = {isa = PBXBuildFile; fileRef = 96A7992A167762B900F8A19E /* topic_detail.html */; };
		96A7992E167763D900F8A19E /* topic_detail.css in Resources */ = {isa = PBXBuildFile; fileRef = 96A7992D167763D900F8A19E /* topic_detail.css */; };
		96A799301677709800F8A19E /* _reply.html in Resources */ = {isa = PBXBuildFile; fileRef = 96A7992F1677709800F8A19E /* _reply.html */; };
		96A7993216777F8A00F8A19E /* Icon-114.png in Resources */ = {isa = PBXBuildFile; fileRef = 96A7993116777F8A00F8A19E /* Icon-114.png */; };
		96A7993416777FA200F8A19E /* Icon.png in Resources */ = {isa = PBXBuildFile; fileRef = 96A7993316777FA200F8A19E /* Icon.png */; };
		96EE8A3516760D1500DF5FE6 /* CoreData.framework in Frameworks */ = {isa = PBXBuildFile; fileRef = 96EE8A3416760D1500DF5FE6 /* CoreData.framework */; };
		96FF7F831675D41500ADC02E /* UIKit.framework in Frameworks */ = {isa = PBXBuildFile; fileRef = 96FF7F821675D41500ADC02E /* UIKit.framework */; };
		96FF7F851675D41500ADC02E /* Foundation.framework in Frameworks */ = {isa = PBXBuildFile; fileRef = 96FF7F841675D41500ADC02E /* Foundation.framework */; };
		96FF7F871675D41500ADC02E /* CoreGraphics.framework in Frameworks */ = {isa = PBXBuildFile; fileRef = 96FF7F861675D41500ADC02E /* CoreGraphics.framework */; };
		96FF7F8D1675D41500ADC02E /* InfoPlist.strings in Resources */ = {isa = PBXBuildFile; fileRef = 96FF7F8B1675D41500ADC02E /* InfoPlist.strings */; };
		96FF7F8F1675D41500ADC02E /* main.m in Sources */ = {isa = PBXBuildFile; fileRef = 96FF7F8E1675D41500ADC02E /* main.m */; };
		96FF7F931675D41500ADC02E /* RCAppDelegate.m in Sources */ = {isa = PBXBuildFile; fileRef = 96FF7F921675D41500ADC02E /* RCAppDelegate.m */; };
		96FF7F951675D41500ADC02E /* Default.png in Resources */ = {isa = PBXBuildFile; fileRef = 96FF7F941675D41500ADC02E /* Default.png */; };
		96FF7F971675D41500ADC02E /* Default@2x.png in Resources */ = {isa = PBXBuildFile; fileRef = 96FF7F961675D41500ADC02E /* Default@2x.png */; };
		96FF7F991675D41500ADC02E /* Default-568h@2x.png in Resources */ = {isa = PBXBuildFile; fileRef = 96FF7F981675D41500ADC02E /* Default-568h@2x.png */; };
		96FF7F9C1675D41500ADC02E /* MainStoryboard.storyboard in Resources */ = {isa = PBXBuildFile; fileRef = 96FF7F9A1675D41500ADC02E /* MainStoryboard.storyboard */; };
		96FF7FD61675DADB00ADC02E /* RCNotificationsViewController.m in Sources */ = {isa = PBXBuildFile; fileRef = 96FF7FD31675DADB00ADC02E /* RCNotificationsViewController.m */; };
		96FF7FD71675DADB00ADC02E /* RCTopicsViewController.m in Sources */ = {isa = PBXBuildFile; fileRef = 96FF7FD51675DADB00ADC02E /* RCTopicsViewController.m */; };
		96FF81891675DFF000ADC02E /* RCNode.m in Sources */ = {isa = PBXBuildFile; fileRef = 96FF81791675DFF000ADC02E /* RCNode.m */; };
		96FF818A1675DFF000ADC02E /* RCNote.m in Sources */ = {isa = PBXBuildFile; fileRef = 96FF817B1675DFF000ADC02E /* RCNote.m */; };
		96FF818B1675DFF000ADC02E /* RCPhoto.m in Sources */ = {isa = PBXBuildFile; fileRef = 96FF817D1675DFF000ADC02E /* RCPhoto.m */; };
		96FF818C1675DFF000ADC02E /* RCReply.m in Sources */ = {isa = PBXBuildFile; fileRef = 96FF817F1675DFF000ADC02E /* RCReply.m */; };
		96FF818D1675DFF000ADC02E /* RCSection.m in Sources */ = {isa = PBXBuildFile; fileRef = 96FF81821675DFF000ADC02E /* RCSection.m */; };
		96FF818E1675DFF000ADC02E /* RCTopic.m in Sources */ = {isa = PBXBuildFile; fileRef = 96FF81841675DFF000ADC02E /* RCTopic.m */; };
		96FF818F1675DFF000ADC02E /* RCUser.m in Sources */ = {isa = PBXBuildFile; fileRef = 96FF81861675DFF000ADC02E /* RCUser.m */; };
		96FF81AE1675EDAF00ADC02E /* NSRRequest+Extend.m in Sources */ = {isa = PBXBuildFile; fileRef = 96FF81AD1675EDAF00ADC02E /* NSRRequest+Extend.m */; settings = {COMPILER_FLAGS = "-fobjc-arc"; }; };
		96FF81B41675EFA000ADC02E /* RCRemoteObject.m in Sources */ = {isa = PBXBuildFile; fileRef = 96FF81B31675EF9F00ADC02E /* RCRemoteObject.m */; settings = {COMPILER_FLAGS = "-fobjc-arc"; }; };
		96FF81B81675F6C700ADC02E /* RCTopicTableViewCell.m in Sources */ = {isa = PBXBuildFile; fileRef = 96FF81B71675F6C700ADC02E /* RCTopicTableViewCell.m */; };
		CA3E06058E4B474784FD7A3E /* libPods.a in Frameworks */ = {isa = PBXBuildFile; fileRef = 0D165BD3CF12497C83A0B0CD /* libPods.a */; };
/* End PBXBuildFile section */

/* Begin PBXFileReference section */
		0D165BD3CF12497C83A0B0CD /* libPods.a */ = {isa = PBXFileReference; explicitFileType = archive.ar; includeInIndex = 0; path = libPods.a; sourceTree = BUILT_PRODUCTS_DIR; };
		9694364A16762DD100F1E1A9 /* RCTableView.h */ = {isa = PBXFileReference; fileEncoding = 4; lastKnownFileType = sourcecode.c.h; path = RCTableView.h; sourceTree = "<group>"; };
		9694364B16762DD100F1E1A9 /* RCTableView.m */ = {isa = PBXFileReference; fileEncoding = 4; lastKnownFileType = sourcecode.c.objc; path = RCTableView.m; sourceTree = "<group>"; };
		96943652167631E000F1E1A9 /* bg.png */ = {isa = PBXFileReference; lastKnownFileType = image.png; path = bg.png; sourceTree = "<group>"; };
		96943653167631E000F1E1A9 /* default_avatar.png */ = {isa = PBXFileReference; lastKnownFileType = image.png; path = default_avatar.png; sourceTree = "<group>"; };
		96943654167631E000F1E1A9 /* default_avatar@2x.png */ = {isa = PBXFileReference; lastKnownFileType = image.png; path = "default_avatar@2x.png"; sourceTree = "<group>"; };
		969436581676326B00F1E1A9 /* RCViewController.h */ = {isa = PBXFileReference; fileEncoding = 4; lastKnownFileType = sourcecode.c.h; path = RCViewController.h; sourceTree = "<group>"; };
		969436591676326B00F1E1A9 /* RCViewController.m */ = {isa = PBXFileReference; fileEncoding = 4; lastKnownFileType = sourcecode.c.objc; path = RCViewController.m; sourceTree = "<group>"; };
		9694365F167637D400F1E1A9 /* RCTopicViewController.h */ = {isa = PBXFileReference; fileEncoding = 4; lastKnownFileType = sourcecode.c.h; path = RCTopicViewController.h; sourceTree = "<group>"; };
		96943660167637D400F1E1A9 /* RCTopicViewController.m */ = {isa = PBXFileReference; fileEncoding = 4; lastKnownFileType = sourcecode.c.objc; path = RCTopicViewController.m; sourceTree = "<group>"; };
		9694366616763E8800F1E1A9 /* RCNavigationBar.h */ = {isa = PBXFileReference; fileEncoding = 4; lastKnownFileType = sourcecode.c.h; path = RCNavigationBar.h; sourceTree = "<group>"; };
		9694366716763E8800F1E1A9 /* RCNavigationBar.m */ = {isa = PBXFileReference; fileEncoding = 4; lastKnownFileType = sourcecode.c.objc; path = RCNavigationBar.m; sourceTree = "<group>"; };
		9694366916763F8400F1E1A9 /* navbar_bg.png */ = {isa = PBXFileReference; lastKnownFileType = image.png; path = navbar_bg.png; sourceTree = "<group>"; };
		9694366A16763F8400F1E1A9 /* navbar_bg@2x.png */ = {isa = PBXFileReference; lastKnownFileType = image.png; path = "navbar_bg@2x.png"; sourceTree = "<group>"; };
		969436A5167649B300F1E1A9 /* reload_icon.png */ = {isa = PBXFileReference; lastKnownFileType = image.png; path = reload_icon.png; sourceTree = "<group>"; };
		969436A6167649B300F1E1A9 /* reload_icon@2x.png */ = {isa = PBXFileReference; lastKnownFileType = image.png; path = "reload_icon@2x.png"; sourceTree = "<group>"; };
		96A4D08916770B8B000EAFAB /* tableview_cell_bg.png */ = {isa = PBXFileReference; lastKnownFileType = image.png; path = tableview_cell_bg.png; sourceTree = "<group>"; };
		96A4D08A16770B8B000EAFAB /* tableview_cell_bg@2x.png */ = {isa = PBXFileReference; lastKnownFileType = image.png; path = "tableview_cell_bg@2x.png"; sourceTree = "<group>"; };
		96A4D09E16771202000EAFAB /* tableview_cell_border_bottom.png */ = {isa = PBXFileReference; lastKnownFileType = image.png; path = tableview_cell_border_bottom.png; sourceTree = "<group>"; };
		96A4D09F16771202000EAFAB /* tableview_cell_border_bottom@2x.png */ = {isa = PBXFileReference; lastKnownFileType = image.png; path = "tableview_cell_border_bottom@2x.png"; sourceTree = "<group>"; };
		96A4D0A016771202000EAFAB /* tableview_cell_border_top.png */ = {isa = PBXFileReference; lastKnownFileType = image.png; path = tableview_cell_border_top.png; sourceTree = "<group>"; };
		96A4D0A116771202000EAFAB /* tableview_cell_border_top@2x.png */ = {isa = PBXFileReference; lastKnownFileType = image.png; path = "tableview_cell_border_top@2x.png"; sourceTree = "<group>"; };
		96A4D0BF1677268A000EAFAB /* nav_menu_icon.png */ = {isa = PBXFileReference; lastKnownFileType = image.png; path = nav_menu_icon.png; sourceTree = "<group>"; };
		96A4D0C01677268A000EAFAB /* nav_menu_icon@2x.png */ = {isa = PBXFileReference; lastKnownFileType = image.png; path = "nav_menu_icon@2x.png"; sourceTree = "<group>"; };
		96A4D0C11677268A000EAFAB /* nav_setting_icon.png */ = {isa = PBXFileReference; lastKnownFileType = image.png; path = nav_setting_icon.png; sourceTree = "<group>"; };
		96A4D0C21677268A000EAFAB /* nav_setting_icon@2x.png */ = {isa = PBXFileReference; lastKnownFileType = image.png; path = "nav_setting_icon@2x.png"; sourceTree = "<group>"; };
		96A4D0C71677282A000EAFAB /* RCNavLeftRightButtonItem.h */ = {isa = PBXFileReference; fileEncoding = 4; lastKnownFileType = sourcecode.c.h; path = RCNavLeftRightButtonItem.h; sourceTree = "<group>"; };
		96A4D0C81677282A000EAFAB /* RCNavLeftRightButtonItem.m */ = {isa = PBXFileReference; fileEncoding = 4; lastKnownFileType = sourcecode.c.objc; path = RCNavLeftRightButtonItem.m; sourceTree = "<group>"; };
		96A4D0CA16772C7C000EAFAB /* nav_back_icon.png */ = {isa = PBXFileReference; lastKnownFileType = image.png; path = nav_back_icon.png; sourceTree = "<group>"; };
		96A4D0CB16772C7C000EAFAB /* nav_back_icon@2x.png */ = {isa = PBXFileReference; lastKnownFileType = image.png; path = "nav_back_icon@2x.png"; sourceTree = "<group>"; };
		96A7992A167762B900F8A19E /* topic_detail.html */ = {isa = PBXFileReference; fileEncoding = 4; lastKnownFileType = text.html; path = topic_detail.html; sourceTree = "<group>"; };
		96A7992D167763D900F8A19E /* topic_detail.css */ = {isa = PBXFileReference; fileEncoding = 4; lastKnownFileType = text.css; path = topic_detail.css; sourceTree = "<group>"; };
		96A7992F1677709800F8A19E /* _reply.html */ = {isa = PBXFileReference; fileEncoding = 4; lastKnownFileType = text.html; path = _reply.html; sourceTree = "<group>"; };
		96A7993116777F8A00F8A19E /* Icon-114.png */ = {isa = PBXFileReference; lastKnownFileType = image.png; name = "Icon-114.png"; path = "../Icon-114.png"; sourceTree = "<group>"; };
		96A7993316777FA200F8A19E /* Icon.png */ = {isa = PBXFileReference; lastKnownFileType = image.png; name = Icon.png; path = ../Icon.png; sourceTree = "<group>"; };
		96EE8A3416760D1500DF5FE6 /* CoreData.framework */ = {isa = PBXFileReference; lastKnownFileType = wrapper.framework; name = CoreData.framework; path = System/Library/Frameworks/CoreData.framework; sourceTree = SDKROOT; };
		96FF7F7E1675D41500ADC02E /* ruby-china-for-ios.app */ = {isa = PBXFileReference; explicitFileType = wrapper.application; includeInIndex = 0; path = "ruby-china-for-ios.app"; sourceTree = BUILT_PRODUCTS_DIR; };
		96FF7F821675D41500ADC02E /* UIKit.framework */ = {isa = PBXFileReference; lastKnownFileType = wrapper.framework; name = UIKit.framework; path = System/Library/Frameworks/UIKit.framework; sourceTree = SDKROOT; };
		96FF7F841675D41500ADC02E /* Foundation.framework */ = {isa = PBXFileReference; lastKnownFileType = wrapper.framework; name = Foundation.framework; path = System/Library/Frameworks/Foundation.framework; sourceTree = SDKROOT; };
		96FF7F861675D41500ADC02E /* CoreGraphics.framework */ = {isa = PBXFileReference; lastKnownFileType = wrapper.framework; name = CoreGraphics.framework; path = System/Library/Frameworks/CoreGraphics.framework; sourceTree = SDKROOT; };
		96FF7F8A1675D41500ADC02E /* ruby-china-for-ios-Info.plist */ = {isa = PBXFileReference; lastKnownFileType = text.plist.xml; path = "ruby-china-for-ios-Info.plist"; sourceTree = "<group>"; };
		96FF7F8C1675D41500ADC02E /* en */ = {isa = PBXFileReference; lastKnownFileType = text.plist.strings; name = en; path = en.lproj/InfoPlist.strings; sourceTree = "<group>"; };
		96FF7F8E1675D41500ADC02E /* main.m */ = {isa = PBXFileReference; lastKnownFileType = sourcecode.c.objc; path = main.m; sourceTree = "<group>"; };
		96FF7F901675D41500ADC02E /* ruby-china-for-ios-Prefix.pch */ = {isa = PBXFileReference; lastKnownFileType = sourcecode.c.h; path = "ruby-china-for-ios-Prefix.pch"; sourceTree = "<group>"; };
		96FF7F911675D41500ADC02E /* RCAppDelegate.h */ = {isa = PBXFileReference; lastKnownFileType = sourcecode.c.h; path = RCAppDelegate.h; sourceTree = "<group>"; };
		96FF7F921675D41500ADC02E /* RCAppDelegate.m */ = {isa = PBXFileReference; lastKnownFileType = sourcecode.c.objc; path = RCAppDelegate.m; sourceTree = "<group>"; };
		96FF7F941675D41500ADC02E /* Default.png */ = {isa = PBXFileReference; lastKnownFileType = image.png; path = Default.png; sourceTree = "<group>"; };
		96FF7F961675D41500ADC02E /* Default@2x.png */ = {isa = PBXFileReference; lastKnownFileType = image.png; path = "Default@2x.png"; sourceTree = "<group>"; };
		96FF7F981675D41500ADC02E /* Default-568h@2x.png */ = {isa = PBXFileReference; lastKnownFileType = image.png; path = "Default-568h@2x.png"; sourceTree = "<group>"; };
		96FF7F9B1675D41500ADC02E /* en */ = {isa = PBXFileReference; lastKnownFileType = file.storyboard; name = en; path = en.lproj/MainStoryboard.storyboard; sourceTree = "<group>"; };
		96FF7FD21675DADB00ADC02E /* RCNotificationsViewController.h */ = {isa = PBXFileReference; fileEncoding = 4; lastKnownFileType = sourcecode.c.h; path = RCNotificationsViewController.h; sourceTree = "<group>"; };
		96FF7FD31675DADB00ADC02E /* RCNotificationsViewController.m */ = {isa = PBXFileReference; fileEncoding = 4; lastKnownFileType = sourcecode.c.objc; path = RCNotificationsViewController.m; sourceTree = "<group>"; };
		96FF7FD41675DADB00ADC02E /* RCTopicsViewController.h */ = {isa = PBXFileReference; fileEncoding = 4; lastKnownFileType = sourcecode.c.h; path = RCTopicsViewController.h; sourceTree = "<group>"; };
		96FF7FD51675DADB00ADC02E /* RCTopicsViewController.m */ = {isa = PBXFileReference; fileEncoding = 4; lastKnownFileType = sourcecode.c.objc; path = RCTopicsViewController.m; sourceTree = "<group>"; };
		96FF81781675DFF000ADC02E /* RCNode.h */ = {isa = PBXFileReference; fileEncoding = 4; lastKnownFileType = sourcecode.c.h; path = RCNode.h; sourceTree = "<group>"; };
		96FF81791675DFF000ADC02E /* RCNode.m */ = {isa = PBXFileReference; fileEncoding = 4; lastKnownFileType = sourcecode.c.objc; path = RCNode.m; sourceTree = "<group>"; };
		96FF817A1675DFF000ADC02E /* RCNote.h */ = {isa = PBXFileReference; fileEncoding = 4; lastKnownFileType = sourcecode.c.h; path = RCNote.h; sourceTree = "<group>"; };
		96FF817B1675DFF000ADC02E /* RCNote.m */ = {isa = PBXFileReference; fileEncoding = 4; lastKnownFileType = sourcecode.c.objc; path = RCNote.m; sourceTree = "<group>"; };
		96FF817C1675DFF000ADC02E /* RCPhoto.h */ = {isa = PBXFileReference; fileEncoding = 4; lastKnownFileType = sourcecode.c.h; path = RCPhoto.h; sourceTree = "<group>"; };
		96FF817D1675DFF000ADC02E /* RCPhoto.m */ = {isa = PBXFileReference; fileEncoding = 4; lastKnownFileType = sourcecode.c.objc; path = RCPhoto.m; sourceTree = "<group>"; };
		96FF817E1675DFF000ADC02E /* RCReply.h */ = {isa = PBXFileReference; fileEncoding = 4; lastKnownFileType = sourcecode.c.h; path = RCReply.h; sourceTree = "<group>"; };
		96FF817F1675DFF000ADC02E /* RCReply.m */ = {isa = PBXFileReference; fileEncoding = 4; lastKnownFileType = sourcecode.c.objc; path = RCReply.m; sourceTree = "<group>"; };
		96FF81801675DFF000ADC02E /* RCAll.h */ = {isa = PBXFileReference; fileEncoding = 4; lastKnownFileType = sourcecode.c.h; path = RCAll.h; sourceTree = "<group>"; };
		96FF81811675DFF000ADC02E /* RCSection.h */ = {isa = PBXFileReference; fileEncoding = 4; lastKnownFileType = sourcecode.c.h; path = RCSection.h; sourceTree = "<group>"; };
		96FF81821675DFF000ADC02E /* RCSection.m */ = {isa = PBXFileReference; fileEncoding = 4; lastKnownFileType = sourcecode.c.objc; path = RCSection.m; sourceTree = "<group>"; };
		96FF81831675DFF000ADC02E /* RCTopic.h */ = {isa = PBXFileReference; fileEncoding = 4; lastKnownFileType = sourcecode.c.h; path = RCTopic.h; sourceTree = "<group>"; };
		96FF81841675DFF000ADC02E /* RCTopic.m */ = {isa = PBXFileReference; fileEncoding = 4; lastKnownFileType = sourcecode.c.objc; path = RCTopic.m; sourceTree = "<group>"; };
		96FF81851675DFF000ADC02E /* RCUser.h */ = {isa = PBXFileReference; fileEncoding = 4; lastKnownFileType = sourcecode.c.h; path = RCUser.h; sourceTree = "<group>"; };
		96FF81861675DFF000ADC02E /* RCUser.m */ = {isa = PBXFileReference; fileEncoding = 4; lastKnownFileType = sourcecode.c.objc; path = RCUser.m; sourceTree = "<group>"; };
		96FF81AC1675EDAF00ADC02E /* NSRRequest+Extend.h */ = {isa = PBXFileReference; fileEncoding = 4; lastKnownFileType = sourcecode.c.h; path = "NSRRequest+Extend.h"; sourceTree = "<group>"; };
		96FF81AD1675EDAF00ADC02E /* NSRRequest+Extend.m */ = {isa = PBXFileReference; fileEncoding = 4; lastKnownFileType = sourcecode.c.objc; path = "NSRRequest+Extend.m"; sourceTree = "<group>"; };
		96FF81B21675EF9F00ADC02E /* RCRemoteObject.h */ = {isa = PBXFileReference; fileEncoding = 4; lastKnownFileType = sourcecode.c.h; path = RCRemoteObject.h; sourceTree = "<group>"; };
		96FF81B31675EF9F00ADC02E /* RCRemoteObject.m */ = {isa = PBXFileReference; fileEncoding = 4; lastKnownFileType = sourcecode.c.objc; path = RCRemoteObject.m; sourceTree = "<group>"; };
		96FF81B61675F6C700ADC02E /* RCTopicTableViewCell.h */ = {isa = PBXFileReference; fileEncoding = 4; lastKnownFileType = sourcecode.c.h; path = RCTopicTableViewCell.h; sourceTree = "<group>"; };
		96FF81B71675F6C700ADC02E /* RCTopicTableViewCell.m */ = {isa = PBXFileReference; fileEncoding = 4; lastKnownFileType = sourcecode.c.objc; path = RCTopicTableViewCell.m; sourceTree = "<group>"; };
		E94479C9AC614F889F9EAFE7 /* Pods.xcconfig */ = {isa = PBXFileReference; includeInIndex = 1; lastKnownFileType = text.xcconfig; name = Pods.xcconfig; path = Pods/Pods.xcconfig; sourceTree = SOURCE_ROOT; };
		F007278FFD644069878582A8 /* Pods.xcconfig */ = {isa = PBXFileReference; includeInIndex = 1; lastKnownFileType = text.xcconfig; name = Pods.xcconfig; path = Pods/Pods.xcconfig; sourceTree = SOURCE_ROOT; };
/* End PBXFileReference section */

/* Begin PBXFrameworksBuildPhase section */
		96FF7F7B1675D41500ADC02E /* Frameworks */ = {
			isa = PBXFrameworksBuildPhase;
			buildActionMask = 2147483647;
			files = (
				96EE8A3516760D1500DF5FE6 /* CoreData.framework in Frameworks */,
				96FF7F831675D41500ADC02E /* UIKit.framework in Frameworks */,
				96FF7F851675D41500ADC02E /* Foundation.framework in Frameworks */,
				96FF7F871675D41500ADC02E /* CoreGraphics.framework in Frameworks */,
				CA3E06058E4B474784FD7A3E /* libPods.a in Frameworks */,
			);
			runOnlyForDeploymentPostprocessing = 0;
		};
/* End PBXFrameworksBuildPhase section */

/* Begin PBXGroup section */
		96FF7F731675D41500ADC02E = {
			isa = PBXGroup;
			children = (
				96FF7F881675D41500ADC02E /* ruby-china-for-ios */,
				96FF7F811675D41500ADC02E /* Frameworks */,
				96FF7F7F1675D41500ADC02E /* Products */,
				F007278FFD644069878582A8 /* Pods.xcconfig */,
				E94479C9AC614F889F9EAFE7 /* Pods.xcconfig */,
			);
			sourceTree = "<group>";
		};
		96FF7F7F1675D41500ADC02E /* Products */ = {
			isa = PBXGroup;
			children = (
				96FF7F7E1675D41500ADC02E /* ruby-china-for-ios.app */,
			);
			name = Products;
			sourceTree = "<group>";
		};
		96FF7F811675D41500ADC02E /* Frameworks */ = {
			isa = PBXGroup;
			children = (
				96EE8A3416760D1500DF5FE6 /* CoreData.framework */,
				96FF7F821675D41500ADC02E /* UIKit.framework */,
				96FF7F841675D41500ADC02E /* Foundation.framework */,
				96FF7F861675D41500ADC02E /* CoreGraphics.framework */,
				0D165BD3CF12497C83A0B0CD /* libPods.a */,
			);
			name = Frameworks;
			sourceTree = "<group>";
		};
		96FF7F881675D41500ADC02E /* ruby-china-for-ios */ = {
			isa = PBXGroup;
			children = (
				96FF81AB1675ED8B00ADC02E /* Categories */,
				96FF7FD81675DAEA00ADC02E /* Models */,
				96FF7FD11675DADB00ADC02E /* Controllers */,
				96FF7FB11675D58F00ADC02E /* Resources */,
				96FF7F911675D41500ADC02E /* RCAppDelegate.h */,
				96FF7F921675D41500ADC02E /* RCAppDelegate.m */,
				96FF7F9A1675D41500ADC02E /* MainStoryboard.storyboard */,
				96FF7F891675D41500ADC02E /* Supporting Files */,
			);
			path = "ruby-china-for-ios";
			sourceTree = "<group>";
		};
		96FF7F891675D41500ADC02E /* Supporting Files */ = {
			isa = PBXGroup;
			children = (
				96A7993316777FA200F8A19E /* Icon.png */,
				96A7993116777F8A00F8A19E /* Icon-114.png */,
				96FF7F8A1675D41500ADC02E /* ruby-china-for-ios-Info.plist */,
				96FF7F8B1675D41500ADC02E /* InfoPlist.strings */,
				96FF7F8E1675D41500ADC02E /* main.m */,
				96FF7F901675D41500ADC02E /* ruby-china-for-ios-Prefix.pch */,
				96FF7F941675D41500ADC02E /* Default.png */,
				96FF7F961675D41500ADC02E /* Default@2x.png */,
				96FF7F981675D41500ADC02E /* Default-568h@2x.png */,
			);
			name = "Supporting Files";
			sourceTree = "<group>";
		};
		96FF7FB11675D58F00ADC02E /* Resources */ = {
			isa = PBXGroup;
			children = (
				96A4D09E16771202000EAFAB /* tableview_cell_border_bottom.png */,
				96A4D09F16771202000EAFAB /* tableview_cell_border_bottom@2x.png */,
				96A4D0A016771202000EAFAB /* tableview_cell_border_top.png */,
				96A4D0A116771202000EAFAB /* tableview_cell_border_top@2x.png */,
				9694366916763F8400F1E1A9 /* navbar_bg.png */,
				96A4D08916770B8B000EAFAB /* tableview_cell_bg.png */,
				96A4D08A16770B8B000EAFAB /* tableview_cell_bg@2x.png */,
				9694366A16763F8400F1E1A9 /* navbar_bg@2x.png */,
				96943652167631E000F1E1A9 /* bg.png */,
				96943653167631E000F1E1A9 /* default_avatar.png */,
				96943654167631E000F1E1A9 /* default_avatar@2x.png */,
				96FF7FB21675D70200ADC02E /* icons */,
				96A7992A167762B900F8A19E /* topic_detail.html */,
				96A7992F1677709800F8A19E /* _reply.html */,
				96A7992D167763D900F8A19E /* topic_detail.css */,
			);
			path = Resources;
			sourceTree = "<group>";
		};
		96FF7FB21675D70200ADC02E /* icons */ = {
			isa = PBXGroup;
			children = (
				96A4D0CA16772C7C000EAFAB /* nav_back_icon.png */,
				96A4D0CB16772C7C000EAFAB /* nav_back_icon@2x.png */,
				96A4D0BF1677268A000EAFAB /* nav_menu_icon.png */,
				96A4D0C01677268A000EAFAB /* nav_menu_icon@2x.png */,
				96A4D0C11677268A000EAFAB /* nav_setting_icon.png */,
				96A4D0C21677268A000EAFAB /* nav_setting_icon@2x.png */,
				969436A5167649B300F1E1A9 /* reload_icon.png */,
				969436A6167649B300F1E1A9 /* reload_icon@2x.png */,
			);
			path = icons;
			sourceTree = "<group>";
		};
		96FF7FD11675DADB00ADC02E /* Controllers */ = {
			isa = PBXGroup;
			children = (
				96FF81B51675F6B000ADC02E /* Components */,
				96FF7FD21675DADB00ADC02E /* RCNotificationsViewController.h */,
				96FF7FD31675DADB00ADC02E /* RCNotificationsViewController.m */,
				96FF7FD41675DADB00ADC02E /* RCTopicsViewController.h */,
				96FF7FD51675DADB00ADC02E /* RCTopicsViewController.m */,
				9694365F167637D400F1E1A9 /* RCTopicViewController.h */,
				96943660167637D400F1E1A9 /* RCTopicViewController.m */,
			);
			path = Controllers;
			sourceTree = "<group>";
		};
		96FF7FD81675DAEA00ADC02E /* Models */ = {
			isa = PBXGroup;
			children = (
				96FF81781675DFF000ADC02E /* RCNode.h */,
				96FF81791675DFF000ADC02E /* RCNode.m */,
				96FF817A1675DFF000ADC02E /* RCNote.h */,
				96FF817B1675DFF000ADC02E /* RCNote.m */,
				96FF817C1675DFF000ADC02E /* RCPhoto.h */,
				96FF817D1675DFF000ADC02E /* RCPhoto.m */,
				96FF817E1675DFF000ADC02E /* RCReply.h */,
				96FF817F1675DFF000ADC02E /* RCReply.m */,
				96FF81801675DFF000ADC02E /* RCAll.h */,
				96FF81811675DFF000ADC02E /* RCSection.h */,
				96FF81821675DFF000ADC02E /* RCSection.m */,
				96FF81831675DFF000ADC02E /* RCTopic.h */,
				96FF81841675DFF000ADC02E /* RCTopic.m */,
				96FF81851675DFF000ADC02E /* RCUser.h */,
				96FF81861675DFF000ADC02E /* RCUser.m */,
			);
			path = Models;
			sourceTree = "<group>";
		};
		96FF81AB1675ED8B00ADC02E /* Categories */ = {
			isa = PBXGroup;
			children = (
				96FF81B21675EF9F00ADC02E /* RCRemoteObject.h */,
				96FF81B31675EF9F00ADC02E /* RCRemoteObject.m */,
				96FF81AC1675EDAF00ADC02E /* NSRRequest+Extend.h */,
				96FF81AD1675EDAF00ADC02E /* NSRRequest+Extend.m */,
			);
			path = Categories;
			sourceTree = "<group>";
		};
		96FF81B51675F6B000ADC02E /* Components */ = {
			isa = PBXGroup;
			children = (
				9694366616763E8800F1E1A9 /* RCNavigationBar.h */,
				9694366716763E8800F1E1A9 /* RCNavigationBar.m */,
				96FF81B61675F6C700ADC02E /* RCTopicTableViewCell.h */,
				96FF81B71675F6C700ADC02E /* RCTopicTableViewCell.m */,
				9694364A16762DD100F1E1A9 /* RCTableView.h */,
				9694364B16762DD100F1E1A9 /* RCTableView.m */,
				969436581676326B00F1E1A9 /* RCViewController.h */,
				969436591676326B00F1E1A9 /* RCViewController.m */,
				96A4D0C71677282A000EAFAB /* RCNavLeftRightButtonItem.h */,
				96A4D0C81677282A000EAFAB /* RCNavLeftRightButtonItem.m */,
			);
			path = Components;
			sourceTree = "<group>";
		};
/* End PBXGroup section */

/* Begin PBXNativeTarget section */
		96FF7F7D1675D41500ADC02E /* ruby-china-for-ios */ = {
			isa = PBXNativeTarget;
			buildConfigurationList = 96FF7FAD1675D41500ADC02E /* Build configuration list for PBXNativeTarget "ruby-china-for-ios" */;
			buildPhases = (
				96FF7F7A1675D41500ADC02E /* Sources */,
				96FF7F7B1675D41500ADC02E /* Frameworks */,
				96FF7F7C1675D41500ADC02E /* Resources */,
				B8A509724B6F44798B805C59 /* Copy Pods Resources */,
				0B396F0CDC8A440A8A80C674 /* Copy Pods Resources */,
			);
			buildRules = (
			);
			dependencies = (
			);
			name = "ruby-china-for-ios";
			productName = "ruby-china-for-ios";
			productReference = 96FF7F7E1675D41500ADC02E /* ruby-china-for-ios.app */;
			productType = "com.apple.product-type.application";
		};
/* End PBXNativeTarget section */

/* Begin PBXProject section */
		96FF7F751675D41500ADC02E /* Project object */ = {
			isa = PBXProject;
			attributes = {
				CLASSPREFIX = RC;
				LastUpgradeCheck = 0450;
				ORGANIZATIONNAME = "Ruby China";
			};
			buildConfigurationList = 96FF7F781675D41500ADC02E /* Build configuration list for PBXProject "ruby-china-for-ios" */;
			compatibilityVersion = "Xcode 3.2";
			developmentRegion = English;
			hasScannedForEncodings = 0;
			knownRegions = (
				en,
			);
			mainGroup = 96FF7F731675D41500ADC02E;
			productRefGroup = 96FF7F7F1675D41500ADC02E /* Products */;
			projectDirPath = "";
			projectRoot = "";
			targets = (
				96FF7F7D1675D41500ADC02E /* ruby-china-for-ios */,
			);
		};
/* End PBXProject section */

/* Begin PBXResourcesBuildPhase section */
		96FF7F7C1675D41500ADC02E /* Resources */ = {
			isa = PBXResourcesBuildPhase;
			buildActionMask = 2147483647;
			files = (
				96FF7F8D1675D41500ADC02E /* InfoPlist.strings in Resources */,
				96FF7F951675D41500ADC02E /* Default.png in Resources */,
				96FF7F971675D41500ADC02E /* Default@2x.png in Resources */,
				96FF7F991675D41500ADC02E /* Default-568h@2x.png in Resources */,
				96FF7F9C1675D41500ADC02E /* MainStoryboard.storyboard in Resources */,
				96943655167631E000F1E1A9 /* bg.png in Resources */,
				96943656167631E000F1E1A9 /* default_avatar.png in Resources */,
				96943657167631E000F1E1A9 /* default_avatar@2x.png in Resources */,
				9694366B16763F8400F1E1A9 /* navbar_bg.png in Resources */,
				9694366C16763F8400F1E1A9 /* navbar_bg@2x.png in Resources */,
				969436A7167649B300F1E1A9 /* reload_icon.png in Resources */,
				969436A8167649B300F1E1A9 /* reload_icon@2x.png in Resources */,
				96A4D08B16770B8B000EAFAB /* tableview_cell_bg.png in Resources */,
				96A4D08C16770B8B000EAFAB /* tableview_cell_bg@2x.png in Resources */,
				96A4D0A216771202000EAFAB /* tableview_cell_border_bottom.png in Resources */,
				96A4D0A316771202000EAFAB /* tableview_cell_border_bottom@2x.png in Resources */,
				96A4D0A416771202000EAFAB /* tableview_cell_border_top.png in Resources */,
				96A4D0A516771202000EAFAB /* tableview_cell_border_top@2x.png in Resources */,
				96A4D0C31677268A000EAFAB /* nav_menu_icon.png in Resources */,
				96A4D0C41677268A000EAFAB /* nav_menu_icon@2x.png in Resources */,
				96A4D0C51677268A000EAFAB /* nav_setting_icon.png in Resources */,
				96A4D0C61677268A000EAFAB /* nav_setting_icon@2x.png in Resources */,
				96A4D0CC16772C7C000EAFAB /* nav_back_icon.png in Resources */,
				96A4D0CD16772C7C000EAFAB /* nav_back_icon@2x.png in Resources */,
				96A7992B167762B900F8A19E /* topic_detail.html in Resources */,
				96A7992E167763D900F8A19E /* topic_detail.css in Resources */,
				96A799301677709800F8A19E /* _reply.html in Resources */,
				96A7993216777F8A00F8A19E /* Icon-114.png in Resources */,
				96A7993416777FA200F8A19E /* Icon.png in Resources */,
			);
			runOnlyForDeploymentPostprocessing = 0;
		};
/* End PBXResourcesBuildPhase section */

/* Begin PBXShellScriptBuildPhase section */
		0B396F0CDC8A440A8A80C674 /* Copy Pods Resources */ = {
			isa = PBXShellScriptBuildPhase;
			buildActionMask = 2147483647;
			files = (
			);
			inputPaths = (
			);
			name = "Copy Pods Resources";
			outputPaths = (
			);
			runOnlyForDeploymentPostprocessing = 0;
			shellPath = /bin/sh;
			shellScript = "\"${SRCROOT}/Pods/Pods-resources.sh\"\n";
		};
		B8A509724B6F44798B805C59 /* Copy Pods Resources */ = {
			isa = PBXShellScriptBuildPhase;
			buildActionMask = 2147483647;
			files = (
			);
			inputPaths = (
			);
			name = "Copy Pods Resources";
			outputPaths = (
			);
			runOnlyForDeploymentPostprocessing = 0;
			shellPath = /bin/sh;
			shellScript = "\"${SRCROOT}/Pods/Pods-resources.sh\"\n";
		};
/* End PBXShellScriptBuildPhase section */

/* Begin PBXSourcesBuildPhase section */
		96FF7F7A1675D41500ADC02E /* Sources */ = {
			isa = PBXSourcesBuildPhase;
			buildActionMask = 2147483647;
			files = (
				96FF7F8F1675D41500ADC02E /* main.m in Sources */,
				96FF7F931675D41500ADC02E /* RCAppDelegate.m in Sources */,
				96FF7FD61675DADB00ADC02E /* RCNotificationsViewController.m in Sources */,
				96FF7FD71675DADB00ADC02E /* RCTopicsViewController.m in Sources */,
				96FF81891675DFF000ADC02E /* RCNode.m in Sources */,
				96FF818A1675DFF000ADC02E /* RCNote.m in Sources */,
				96FF818B1675DFF000ADC02E /* RCPhoto.m in Sources */,
				96FF818C1675DFF000ADC02E /* RCReply.m in Sources */,
				96FF818D1675DFF000ADC02E /* RCSection.m in Sources */,
				96FF818E1675DFF000ADC02E /* RCTopic.m in Sources */,
				96FF818F1675DFF000ADC02E /* RCUser.m in Sources */,
				96FF81AE1675EDAF00ADC02E /* NSRRequest+Extend.m in Sources */,
				96FF81B41675EFA000ADC02E /* RCRemoteObject.m in Sources */,
				96FF81B81675F6C700ADC02E /* RCTopicTableViewCell.m in Sources */,
				9694364C16762DD100F1E1A9 /* RCTableView.m in Sources */,
				9694365A1676326B00F1E1A9 /* RCViewController.m in Sources */,
				96943661167637D400F1E1A9 /* RCTopicViewController.m in Sources */,
				9694366816763E8800F1E1A9 /* RCNavigationBar.m in Sources */,
				96A4D0C91677282A000EAFAB /* RCNavLeftRightButtonItem.m in Sources */,
			);
			runOnlyForDeploymentPostprocessing = 0;
		};
/* End PBXSourcesBuildPhase section */

/* Begin PBXVariantGroup section */
		96FF7F8B1675D41500ADC02E /* InfoPlist.strings */ = {
			isa = PBXVariantGroup;
			children = (
				96FF7F8C1675D41500ADC02E /* en */,
			);
			name = InfoPlist.strings;
			sourceTree = "<group>";
		};
		96FF7F9A1675D41500ADC02E /* MainStoryboard.storyboard */ = {
			isa = PBXVariantGroup;
			children = (
				96FF7F9B1675D41500ADC02E /* en */,
			);
			name = MainStoryboard.storyboard;
			sourceTree = "<group>";
		};
/* End PBXVariantGroup section */

/* Begin XCBuildConfiguration section */
		96FF7FAB1675D41500ADC02E /* Debug */ = {
			isa = XCBuildConfiguration;
			buildSettings = {
				ALWAYS_SEARCH_USER_PATHS = NO;
				CLANG_CXX_LANGUAGE_STANDARD = "gnu++0x";
				CLANG_CXX_LIBRARY = "libc++";
				CLANG_WARN_EMPTY_BODY = YES;
				CLANG_WARN__DUPLICATE_METHOD_MATCH = YES;
				"CODE_SIGN_IDENTITY[sdk=iphoneos*]" = "iPhone Developer";
				COPY_PHASE_STRIP = NO;
				GCC_C_LANGUAGE_STANDARD = gnu99;
				GCC_DYNAMIC_NO_PIC = NO;
				GCC_OPTIMIZATION_LEVEL = 0;
				GCC_PREPROCESSOR_DEFINITIONS = (
					"DEBUG=1",
					"$(inherited)",
				);
				GCC_SYMBOLS_PRIVATE_EXTERN = NO;
				GCC_WARN_ABOUT_RETURN_TYPE = YES;
				GCC_WARN_UNINITIALIZED_AUTOS = YES;
				GCC_WARN_UNUSED_VARIABLE = YES;
				IPHONEOS_DEPLOYMENT_TARGET = 6.0;
				ONLY_ACTIVE_ARCH = YES;
				SDKROOT = iphoneos;
			};
			name = Debug;
		};
		96FF7FAC1675D41500ADC02E /* Release */ = {
			isa = XCBuildConfiguration;
			buildSettings = {
				ALWAYS_SEARCH_USER_PATHS = NO;
				CLANG_CXX_LANGUAGE_STANDARD = "gnu++0x";
				CLANG_CXX_LIBRARY = "libc++";
				CLANG_WARN_EMPTY_BODY = YES;
				CLANG_WARN__DUPLICATE_METHOD_MATCH = YES;
				"CODE_SIGN_IDENTITY[sdk=iphoneos*]" = "iPhone Developer";
				COPY_PHASE_STRIP = YES;
				GCC_C_LANGUAGE_STANDARD = gnu99;
				GCC_WARN_ABOUT_RETURN_TYPE = YES;
				GCC_WARN_UNINITIALIZED_AUTOS = YES;
				GCC_WARN_UNUSED_VARIABLE = YES;
				IPHONEOS_DEPLOYMENT_TARGET = 6.0;
				OTHER_CFLAGS = "-DNS_BLOCK_ASSERTIONS=1";
				SDKROOT = iphoneos;
				VALIDATE_PRODUCT = YES;
			};
			name = Release;
		};
		96FF7FAE1675D41500ADC02E /* Debug */ = {
			isa = XCBuildConfiguration;
			baseConfigurationReference = E94479C9AC614F889F9EAFE7 /* Pods.xcconfig */;
			buildSettings = {
				CLANG_ENABLE_OBJC_ARC = YES;
				"CODE_SIGN_IDENTITY[sdk=iphoneos*]" = "iPhone Developer";
				FRAMEWORK_SEARCH_PATHS = (
					"$(inherited)",
					"\"$(SYSTEM_APPS_DIR)/Xcode.app/Contents/Developer/Library/Frameworks\"",
				);
				GCC_PRECOMPILE_PREFIX_HEADER = YES;
				GCC_PREFIX_HEADER = "ruby-china-for-ios/ruby-china-for-ios-Prefix.pch";
				INFOPLIST_FILE = "ruby-china-for-ios/ruby-china-for-ios-Info.plist";
				IPHONEOS_DEPLOYMENT_TARGET = 6.0;
				PRODUCT_NAME = "$(TARGET_NAME)";
				"PROVISIONING_PROFILE[sdk=iphoneos*]" = "";
				SDKROOT = iphoneos;
				WRAPPER_EXTENSION = app;
			};
			name = Debug;
		};
		96FF7FAF1675D41500ADC02E /* Release */ = {
			isa = XCBuildConfiguration;
			baseConfigurationReference = E94479C9AC614F889F9EAFE7 /* Pods.xcconfig */;
			buildSettings = {
				CLANG_ENABLE_OBJC_ARC = YES;
				"CODE_SIGN_IDENTITY[sdk=iphoneos*]" = "iPhone Developer";
				FRAMEWORK_SEARCH_PATHS = (
					"$(inherited)",
					"\"$(SYSTEM_APPS_DIR)/Xcode.app/Contents/Developer/Library/Frameworks\"",
				);
				GCC_PRECOMPILE_PREFIX_HEADER = YES;
				GCC_PREFIX_HEADER = "ruby-china-for-ios/ruby-china-for-ios-Prefix.pch";
				INFOPLIST_FILE = "ruby-china-for-ios/ruby-china-for-ios-Info.plist";
				IPHONEOS_DEPLOYMENT_TARGET = 6.0;
				PRODUCT_NAME = "$(TARGET_NAME)";
				"PROVISIONING_PROFILE[sdk=iphoneos*]" = "";
				SDKROOT = iphoneos;
				WRAPPER_EXTENSION = app;
			};
			name = Release;
		};
/* End XCBuildConfiguration section */

/* Begin XCConfigurationList section */
		96FF7F781675D41500ADC02E /* Build configuration list for PBXProject "ruby-china-for-ios" */ = {
			isa = XCConfigurationList;
			buildConfigurations = (
				96FF7FAB1675D41500ADC02E /* Debug */,
				96FF7FAC1675D41500ADC02E /* Release */,
			);
			defaultConfigurationIsVisible = 0;
			defaultConfigurationName = Release;
		};
		96FF7FAD1675D41500ADC02E /* Build configuration list for PBXNativeTarget "ruby-china-for-ios" */ = {
			isa = XCConfigurationList;
			buildConfigurations = (
				96FF7FAE1675D41500ADC02E /* Debug */,
				96FF7FAF1675D41500ADC02E /* Release */,
			);
			defaultConfigurationIsVisible = 0;
			defaultConfigurationName = Release;
		};
/* End XCConfigurationList section */
	};
	rootObject = 96FF7F751675D41500ADC02E /* Project object */;
}
